// !$*UTF8*$!
{
	archiveVersion = 1;
	classes = {
	};
	objectVersion = 51;
	objects = {

/* Begin PBXBuildFile section */
		6E41B6D922E88CB900C489E4 /* CollectionExample.swift in Sources */ = {isa = PBXBuildFile; fileRef = 6E41B6D822E88CB900C489E4 /* CollectionExample.swift */; };
		6ED1415222E71E44001E58AC /* AppDelegate.swift in Sources */ = {isa = PBXBuildFile; fileRef = 6ED1415122E71E44001E58AC /* AppDelegate.swift */; };
		6ED1415422E71E44001E58AC /* TableViewExample.swift in Sources */ = {isa = PBXBuildFile; fileRef = 6ED1415322E71E44001E58AC /* TableViewExample.swift */; };
		6ED1415722E71E44001E58AC /* Main.storyboard in Resources */ = {isa = PBXBuildFile; fileRef = 6ED1415522E71E44001E58AC /* Main.storyboard */; };
		6ED1415922E71E47001E58AC /* Assets.xcassets in Resources */ = {isa = PBXBuildFile; fileRef = 6ED1415822E71E47001E58AC /* Assets.xcassets */; };
		6ED1415C22E71E47001E58AC /* LaunchScreen.storyboard in Resources */ = {isa = PBXBuildFile; fileRef = 6ED1415A22E71E47001E58AC /* LaunchScreen.storyboard */; };
		D579DEF69965BDC94C0BE321 /* Pods_KEmptyTable.framework in Frameworks */ = {isa = PBXBuildFile; fileRef = 27B45F1484F8DE2607099996 /* Pods_KEmptyTable.framework */; };
/* End PBXBuildFile section */

/* Begin PBXFileReference section */
		0E5B2D60DE29ADE504CB21B9 /* Pods-KEmptyTable.release.xcconfig */ = {isa = PBXFileReference; includeInIndex = 1; lastKnownFileType = text.xcconfig; name = "Pods-KEmptyTable.release.xcconfig"; path = "Target Support Files/Pods-KEmptyTable/Pods-KEmptyTable.release.xcconfig"; sourceTree = "<group>"; };
		27B45F1484F8DE2607099996 /* Pods_KEmptyTable.framework */ = {isa = PBXFileReference; explicitFileType = wrapper.framework; includeInIndex = 0; path = Pods_KEmptyTable.framework; sourceTree = BUILT_PRODUCTS_DIR; };
		6E41B6D822E88CB900C489E4 /* CollectionExample.swift */ = {isa = PBXFileReference; lastKnownFileType = sourcecode.swift; path = CollectionExample.swift; sourceTree = "<group>"; };
		6ED1414E22E71E44001E58AC /* KEmptyTable.app */ = {isa = PBXFileReference; explicitFileType = wrapper.application; includeInIndex = 0; path = KEmptyTable.app; sourceTree = BUILT_PRODUCTS_DIR; };
		6ED1415122E71E44001E58AC /* AppDelegate.swift */ = {isa = PBXFileReference; lastKnownFileType = sourcecode.swift; path = AppDelegate.swift; sourceTree = "<group>"; };
		6ED1415322E71E44001E58AC /* TableViewExample.swift */ = {isa = PBXFileReference; lastKnownFileType = sourcecode.swift; path = TableViewExample.swift; sourceTree = "<group>"; };
		6ED1415622E71E44001E58AC /* Base */ = {isa = PBXFileReference; lastKnownFileType = file.storyboard; name = Base; path = Base.lproj/Main.storyboard; sourceTree = "<group>"; };
		6ED1415822E71E47001E58AC /* Assets.xcassets */ = {isa = PBXFileReference; lastKnownFileType = folder.assetcatalog; path = Assets.xcassets; sourceTree = "<group>"; };
		6ED1415B22E71E47001E58AC /* Base */ = {isa = PBXFileReference; lastKnownFileType = file.storyboard; name = Base; path = Base.lproj/LaunchScreen.storyboard; sourceTree = "<group>"; };
		6ED1415D22E71E47001E58AC /* Info.plist */ = {isa = PBXFileReference; lastKnownFileType = text.plist.xml; path = Info.plist; sourceTree = "<group>"; };
		E11158FA355967192FFCA9AB /* Pods-KEmptyTable.debug.xcconfig */ = {isa = PBXFileReference; includeInIndex = 1; lastKnownFileType = text.xcconfig; name = "Pods-KEmptyTable.debug.xcconfig"; path = "Target Support Files/Pods-KEmptyTable/Pods-KEmptyTable.debug.xcconfig"; sourceTree = "<group>"; };
/* End PBXFileReference section */

/* Begin PBXFrameworksBuildPhase section */
		6ED1414B22E71E44001E58AC /* Frameworks */ = {
			isa = PBXFrameworksBuildPhase;
			buildActionMask = 2147483647;
			files = (
				D579DEF69965BDC94C0BE321 /* Pods_KEmptyTable.framework in Frameworks */,
			);
			runOnlyForDeploymentPostprocessing = 0;
		};
/* End PBXFrameworksBuildPhase section */

/* Begin PBXGroup section */
		0947439B6AFBA3D1C5DFAB71 /* Frameworks */ = {
			isa = PBXGroup;
			children = (
				27B45F1484F8DE2607099996 /* Pods_KEmptyTable.framework */,
			);
			name = Frameworks;
			sourceTree = "<group>";
		};
		46C06D2B14D327583DEB373E /* Pods */ = {
			isa = PBXGroup;
			children = (
				E11158FA355967192FFCA9AB /* Pods-KEmptyTable.debug.xcconfig */,
				0E5B2D60DE29ADE504CB21B9 /* Pods-KEmptyTable.release.xcconfig */,
			);
			path = Pods;
			sourceTree = "<group>";
		};
		6ED1414522E71E43001E58AC = {
			isa = PBXGroup;
			children = (
				6ED1415022E71E44001E58AC /* KEmptyTable */,
				6ED1414F22E71E44001E58AC /* Products */,
				46C06D2B14D327583DEB373E /* Pods */,
				0947439B6AFBA3D1C5DFAB71 /* Frameworks */,
			);
			sourceTree = "<group>";
		};
		6ED1414F22E71E44001E58AC /* Products */ = {
			isa = PBXGroup;
			children = (
				6ED1414E22E71E44001E58AC /* KEmptyTable.app */,
			);
			name = Products;
			sourceTree = "<group>";
		};
		6ED1415022E71E44001E58AC /* KEmptyTable */ = {
			isa = PBXGroup;
			children = (
				6ED1415122E71E44001E58AC /* AppDelegate.swift */,
				6ED1415322E71E44001E58AC /* TableViewExample.swift */,
				6E41B6D822E88CB900C489E4 /* CollectionExample.swift */,
				6ED1415522E71E44001E58AC /* Main.storyboard */,
				6ED1415822E71E47001E58AC /* Assets.xcassets */,
				6ED1415A22E71E47001E58AC /* LaunchScreen.storyboard */,
				6ED1415D22E71E47001E58AC /* Info.plist */,
			);
			path = KEmptyTable;
			sourceTree = "<group>";
		};
/* End PBXGroup section */

/* Begin PBXNativeTarget section */
		6ED1414D22E71E44001E58AC /* KEmptyTable */ = {
			isa = PBXNativeTarget;
			buildConfigurationList = 6ED1416022E71E47001E58AC /* Build configuration list for PBXNativeTarget "KEmptyTable" */;
			buildPhases = (
				E0D45CC018A37302093B6E7B /* [CP] Check Pods Manifest.lock */,
				6ED1414A22E71E44001E58AC /* Sources */,
				6ED1414B22E71E44001E58AC /* Frameworks */,
				6ED1414C22E71E44001E58AC /* Resources */,
				54F4BD0B9E2287292A528ADB /* [CP] Embed Pods Frameworks */,
			);
			buildRules = (
			);
			dependencies = (
			);
			name = KEmptyTable;
			productName = KEmptyTable;
			productReference = 6ED1414E22E71E44001E58AC /* KEmptyTable.app */;
			productType = "com.apple.product-type.application";
		};
/* End PBXNativeTarget section */

/* Begin PBXProject section */
		6ED1414622E71E43001E58AC /* Project object */ = {
			isa = PBXProject;
			attributes = {
				LastSwiftUpdateCheck = 1020;
				LastUpgradeCheck = 1020;
				ORGANIZATIONNAME = "Kenan Atmaca";
				TargetAttributes = {
					6ED1414D22E71E44001E58AC = {
						CreatedOnToolsVersion = 10.2.1;
					};
				};
			};
			buildConfigurationList = 6ED1414922E71E43001E58AC /* Build configuration list for PBXProject "KEmptyTable" */;
			compatibilityVersion = "Xcode 9.3";
			developmentRegion = en;
			hasScannedForEncodings = 0;
			knownRegions = (
				en,
				Base,
			);
			mainGroup = 6ED1414522E71E43001E58AC;
			productRefGroup = 6ED1414F22E71E44001E58AC /* Products */;
			projectDirPath = "";
			projectRoot = "";
			targets = (
				6ED1414D22E71E44001E58AC /* KEmptyTable */,
			);
		};
/* End PBXProject section */

/* Begin PBXResourcesBuildPhase section */
		6ED1414C22E71E44001E58AC /* Resources */ = {
			isa = PBXResourcesBuildPhase;
			buildActionMask = 2147483647;
			files = (
				6ED1415C22E71E47001E58AC /* LaunchScreen.storyboard in Resources */,
				6ED1415922E71E47001E58AC /* Assets.xcassets in Resources */,
				6ED1415722E71E44001E58AC /* Main.storyboard in Resources */,
			);
			runOnlyForDeploymentPostprocessing = 0;
		};
/* End PBXResourcesBuildPhase section */

/* Begin PBXShellScriptBuildPhase section */
		54F4BD0B9E2287292A528ADB /* [CP] Embed Pods Frameworks */ = {
			isa = PBXShellScriptBuildPhase;
			buildActionMask = 2147483647;
			files = (
			);
			inputFileListPaths = (
				"${PODS_ROOT}/Target Support Files/Pods-KEmptyTable/Pods-KEmptyTable-frameworks-${CONFIGURATION}-input-files.xcfilelist",
			);
			name = "[CP] Embed Pods Frameworks";
			outputFileListPaths = (
				"${PODS_ROOT}/Target Support Files/Pods-KEmptyTable/Pods-KEmptyTable-frameworks-${CONFIGURATION}-output-files.xcfilelist",
			);
			runOnlyForDeploymentPostprocessing = 0;
			shellPath = /bin/sh;
			shellScript = "\"${PODS_ROOT}/Target Support Files/Pods-KEmptyTable/Pods-KEmptyTable-frameworks.sh\"\n";
			showEnvVarsInLog = 0;
		};
		E0D45CC018A37302093B6E7B /* [CP] Check Pods Manifest.lock */ = {
			isa = PBXShellScriptBuildPhase;
			buildActionMask = 2147483647;
			files = (
			);
			inputFileListPaths = (
			);
			inputPaths = (
				"${PODS_PODFILE_DIR_PATH}/Podfile.lock",
				"${PODS_ROOT}/Manifest.lock",
			);
			name = "[CP] Check Pods Manifest.lock";
			outputFileListPaths = (
			);
			outputPaths = (
				"$(DERIVED_FILE_DIR)/Pods-KEmptyTable-checkManifestLockResult.txt",
			);
			runOnlyForDeploymentPostprocessing = 0;
			shellPath = /bin/sh;
			shellScript = "diff \"${PODS_PODFILE_DIR_PATH}/Podfile.lock\" \"${PODS_ROOT}/Manifest.lock\" > /dev/null\nif [ $? != 0 ] ; then\n    # print error to STDERR\n    echo \"error: The sandbox is not in sync with the Podfile.lock. Run 'pod install' or update your CocoaPods installation.\" >&2\n    exit 1\nfi\n# This output is used by Xcode 'outputs' to avoid re-running this script phase.\necho \"SUCCESS\" > \"${SCRIPT_OUTPUT_FILE_0}\"\n";
			showEnvVarsInLog = 0;
		};
/* End PBXShellScriptBuildPhase section */

/* Begin PBXSourcesBuildPhase section */
		6ED1414A22E71E44001E58AC /* Sources */ = {
			isa = PBXSourcesBuildPhase;
			buildActionMask = 2147483647;
			files = (
				6ED1415422E71E44001E58AC /* TableViewExample.swift in Sources */,
				6E41B6D922E88CB900C489E4 /* CollectionExample.swift in Sources */,
				6ED1415222E71E44001E58AC /* AppDelegate.swift in Sources */,
			);
			runOnlyForDeploymentPostprocessing = 0;
		};
/* End PBXSourcesBuildPhase section */

/* Begin PBXVariantGroup section */
		6ED1415522E71E44001E58AC /* Main.storyboard */ = {
			isa = PBXVariantGroup;
			children = (
				6ED1415622E71E44001E58AC /* Base */,
			);
			name = Main.storyboard;
			sourceTree = "<group>";
		};
		6ED1415A22E71E47001E58AC /* LaunchScreen.storyboard */ = {
			isa = PBXVariantGroup;
			children = (
				6ED1415B22E71E47001E58AC /* Base */,
			);
			name = LaunchScreen.storyboard;
			sourceTree = "<group>";
		};
/* End PBXVariantGroup section */

/* Begin XCBuildConfiguration section */
		6ED1415E22E71E47001E58AC /* Debug */ = {
			isa = XCBuildConfiguration;
			buildSettings = {
				ALWAYS_SEARCH_USER_PATHS = NO;
				CLANG_ANALYZER_NONNULL = YES;
				CLANG_ANALYZER_NUMBER_OBJECT_CONVERSION = YES_AGGRESSIVE;
				CLANG_CXX_LANGUAGE_STANDARD = "gnu++14";
				CLANG_CXX_LIBRARY = "libc++";
				CLANG_ENABLE_MODULES = YES;
				CLANG_ENABLE_OBJC_ARC = YES;
				CLANG_ENABLE_OBJC_WEAK = YES;
				CLANG_WARN_BLOCK_CAPTURE_AUTORELEASING = YES;
				CLANG_WARN_BOOL_CONVERSION = YES;
				CLANG_WARN_COMMA = YES;
				CLANG_WARN_CONSTANT_CONVERSION = YES;
				CLANG_WARN_DEPRECATED_OBJC_IMPLEMENTATIONS = YES;
				CLANG_WARN_DIRECT_OBJC_ISA_USAGE = YES_ERROR;
				CLANG_WARN_DOCUMENTATION_COMMENTS = YES;
				CLANG_WARN_EMPTY_BODY = YES;
				CLANG_WARN_ENUM_CONVERSION = YES;
				CLANG_WARN_INFINITE_RECURSION = YES;
				CLANG_WARN_INT_CONVERSION = YES;
				CLANG_WARN_NON_LITERAL_NULL_CONVERSION = YES;
				CLANG_WARN_OBJC_IMPLICIT_RETAIN_SELF = YES;
				CLANG_WARN_OBJC_LITERAL_CONVERSION = YES;
				CLANG_WARN_OBJC_ROOT_CLASS = YES_ERROR;
				CLANG_WARN_RANGE_LOOP_ANALYSIS = YES;
				CLANG_WARN_STRICT_PROTOTYPES = YES;
				CLANG_WARN_SUSPICIOUS_MOVE = YES;
				CLANG_WARN_UNGUARDED_AVAILABILITY = YES_AGGRESSIVE;
				CLANG_WARN_UNREACHABLE_CODE = YES;
				CLANG_WARN__DUPLICATE_METHOD_MATCH = YES;
				CODE_SIGN_IDENTITY = "iPhone Developer";
				COPY_PHASE_STRIP = NO;
				DEBUG_INFORMATION_FORMAT = dwarf;
				ENABLE_STRICT_OBJC_MSGSEND = YES;
				ENABLE_TESTABILITY = YES;
				GCC_C_LANGUAGE_STANDARD = gnu11;
				GCC_DYNAMIC_NO_PIC = NO;
				GCC_NO_COMMON_BLOCKS = YES;
				GCC_OPTIMIZATION_LEVEL = 0;
				GCC_PREPROCESSOR_DEFINITIONS = (
					"DEBUG=1",
					"$(inherited)",
				);
				GCC_WARN_64_TO_32_BIT_CONVERSION = YES;
				GCC_WARN_ABOUT_RETURN_TYPE = YES_ERROR;
				GCC_WARN_UNDECLARED_SELECTOR = YES;
				GCC_WARN_UNINITIALIZED_AUTOS = YES_AGGRESSIVE;
				GCC_WARN_UNUSED_FUNCTION = YES;
				GCC_WARN_UNUSED_VARIABLE = YES;
				IPHONEOS_DEPLOYMENT_TARGET = 11.0;
				MTL_ENABLE_DEBUG_INFO = INCLUDE_SOURCE;
				MTL_FAST_MATH = YES;
				ONLY_ACTIVE_ARCH = YES;
				SDKROOT = iphoneos;
				SWIFT_ACTIVE_COMPILATION_CONDITIONS = DEBUG;
				SWIFT_OPTIMIZATION_LEVEL = "-Onone";
			};
			name = Debug;
		};
		6ED1415F22E71E47001E58AC /* Release */ = {
			isa = XCBuildConfiguration;
			buildSettings = {
				ALWAYS_SEARCH_USER_PATHS = NO;
				CLANG_ANALYZER_NONNULL = YES;
				CLANG_ANALYZER_NUMBER_OBJECT_CONVERSION = YES_AGGRESSIVE;
				CLANG_CXX_LANGUAGE_STANDARD = "gnu++14";
				CLANG_CXX_LIBRARY = "libc++";
				CLANG_ENABLE_MODULES = YES;
				CLANG_ENABLE_OBJC_ARC = YES;
				CLANG_ENABLE_OBJC_WEAK = YES;
				CLANG_WARN_BLOCK_CAPTURE_AUTORELEASING = YES;
				CLANG_WARN_BOOL_CONVERSION = YES;
				CLANG_WARN_COMMA = YES;
				CLANG_WARN_CONSTANT_CONVERSION = YES;
				CLANG_WARN_DEPRECATED_OBJC_IMPLEMENTATIONS = YES;
				CLANG_WARN_DIRECT_OBJC_ISA_USAGE = YES_ERROR;
				CLANG_WARN_DOCUMENTATION_COMMENTS = YES;
				CLANG_WARN_EMPTY_BODY = YES;
				CLANG_WARN_ENUM_CONVERSION = YES;
				CLANG_WARN_INFINITE_RECURSION = YES;
				CLANG_WARN_INT_CONVERSION = YES;
				CLANG_WARN_NON_LITERAL_NULL_CONVERSION = YES;
				CLANG_WARN_OBJC_IMPLICIT_RETAIN_SELF = YES;
				CLANG_WARN_OBJC_LITERAL_CONVERSION = YES;
				CLANG_WARN_OBJC_ROOT_CLASS = YES_ERROR;
				CLANG_WARN_RANGE_LOOP_ANALYSIS = YES;
				CLANG_WARN_STRICT_PROTOTYPES = YES;
				CLANG_WARN_SUSPICIOUS_MOVE = YES;
				CLANG_WARN_UNGUARDED_AVAILABILITY = YES_AGGRESSIVE;
				CLANG_WARN_UNREACHABLE_CODE = YES;
				CLANG_WARN__DUPLICATE_METHOD_MATCH = YES;
				CODE_SIGN_IDENTITY = "iPhone Developer";
				COPY_PHASE_STRIP = NO;
				DEBUG_INFORMATION_FORMAT = "dwarf-with-dsym";
				ENABLE_NS_ASSERTIONS = NO;
				ENABLE_STRICT_OBJC_MSGSEND = YES;
				GCC_C_LANGUAGE_STANDARD = gnu11;
				GCC_NO_COMMON_BLOCKS = YES;
				GCC_WARN_64_TO_32_BIT_CONVERSION = YES;
				GCC_WARN_ABOUT_RETURN_TYPE = YES_ERROR;
				GCC_WARN_UNDECLARED_SELECTOR = YES;
				GCC_WARN_UNINITIALIZED_AUTOS = YES_AGGRESSIVE;
				GCC_WARN_UNUSED_FUNCTION = YES;
				GCC_WARN_UNUSED_VARIABLE = YES;
				IPHONEOS_DEPLOYMENT_TARGET = 11.0;
				MTL_ENABLE_DEBUG_INFO = NO;
				MTL_FAST_MATH = YES;
				SDKROOT = iphoneos;
				SWIFT_COMPILATION_MODE = wholemodule;
				SWIFT_OPTIMIZATION_LEVEL = "-O";
				VALIDATE_PRODUCT = YES;
			};
			name = Release;
		};
		6ED1416122E71E47001E58AC /* Debug */ = {
			isa = XCBuildConfiguration;
			baseConfigurationReference = E11158FA355967192FFCA9AB /* Pods-KEmptyTable.debug.xcconfig */;
			buildSettings = {
				ASSETCATALOG_COMPILER_APPICON_NAME = AppIcon;
				CODE_SIGN_STYLE = Automatic;
				DEVELOPMENT_TEAM = 2B24WNBC56;
				FRAMEWORK_SEARCH_PATHS = (
					"$(inherited)",
					"$(PROJECT_DIR)",
				);
				INFOPLIST_FILE = KEmptyTable/Info.plist;
				IPHONEOS_DEPLOYMENT_TARGET = 11.0;
				LD_RUNPATH_SEARCH_PATHS = (
					"$(inherited)",
					"@executable_path/Frameworks",
				);
				PRODUCT_BUNDLE_IDENTIFIER = com.kenan.KEmptyTable;
				PRODUCT_NAME = "$(TARGET_NAME)";
				SWIFT_VERSION = 5.0;
				TARGETED_DEVICE_FAMILY = "1,2";
			};
			name = Debug;
		};
		6ED1416222E71E47001E58AC /* Release */ = {
			isa = XCBuildConfiguration;
			baseConfigurationReference = 0E5B2D60DE29ADE504CB21B9 /* Pods-KEmptyTable.release.xcconfig */;
			buildSettings = {
				ASSETCATALOG_COMPILER_APPICON_NAME = AppIcon;
				CODE_SIGN_STYLE = Automatic;
				DEVELOPMENT_TEAM = 2B24WNBC56;
				FRAMEWORK_SEARCH_PATHS = (
					"$(inherited)",
					"$(PROJECT_DIR)",
				);
				INFOPLIST_FILE = KEmptyTable/Info.plist;
				IPHONEOS_DEPLOYMENT_TARGET = 11.0;
				LD_RUNPATH_SEARCH_PATHS = (
					"$(inherited)",
					"@executable_path/Frameworks",
				);
				PRODUCT_BUNDLE_IDENTIFIER = com.kenan.KEmptyTable;
				PRODUCT_NAME = "$(TARGET_NAME)";
				SWIFT_VERSION = 5.0;
				TARGETED_DEVICE_FAMILY = "1,2";
			};
			name = Release;
		};
/* End XCBuildConfiguration section */

/* Begin XCConfigurationList section */
		6ED1414922E71E43001E58AC /* Build configuration list for PBXProject "KEmptyTable" */ = {
			isa = XCConfigurationList;
			buildConfigurations = (
				6ED1415E22E71E47001E58AC /* Debug */,
				6ED1415F22E71E47001E58AC /* Release */,
			);
			defaultConfigurationIsVisible = 0;
			defaultConfigurationName = Release;
		};
		6ED1416022E71E47001E58AC /* Build configuration list for PBXNativeTarget "KEmptyTable" */ = {
			isa = XCConfigurationList;
			buildConfigurations = (
				6ED1416122E71E47001E58AC /* Debug */,
				6ED1416222E71E47001E58AC /* Release */,
			);
			defaultConfigurationIsVisible = 0;
			defaultConfigurationName = Release;
		};
/* End XCConfigurationList section */
	};
	rootObject = 6ED1414622E71E43001E58AC /* Project object */;
}
